Microsoft Visual Studio Solution File, Format Version 11.00
# Visual Studio 2010
Project("{F184B08F-C81C-45F6-A57F-5ABD9991F28F}") = "WinSample.Module", "WinSample.Module\WinSample.Module.vbproj", "{F4B0FEB5-CED4-4E0F-8836-1770F9DD9270}"
EndProject
Project("{F184B08F-C81C-45F6-A57F-5ABD9991F28F}") = "WinSample.Module.Win", "WinSample.Module.Win\WinSample.Module.Win.vbproj", "{85CA4BE0-A42F-4E58-9C4B-5E89507CBE15}"
EndProject
Project("{F184B08F-C81C-45F6-A57F-5ABD9991F28F}") = "WinSample.Win", "WinSample.Win\WinSample.Win.vbproj", "{869BBFDF-D7F4-42DF-ACD9-430695E00FD5}"
EndProject
Global
	GlobalSection(SolutionConfigurationPlatforms) = preSolution
		Debug|Any CPU = Debug|Any CPU
		Release|Any CPU = Release|Any CPU
	EndGlobalSection
	GlobalSection(ProjectConfigurationPlatforms) = postSolution
		{F4B0FEB5-CED4-4E0F-8836-1770F9DD9270}.Debug|Any CPU.ActiveCfg = Debug|Any CPU
		{F4B0FEB5-CED4-4E0F-8836-1770F9DD9270}.Debug|Any CPU.Build.0 = Debug|Any CPU
		{F4B0FEB5-CED4-4E0F-8836-1770F9DD9270}.Release|Any CPU.ActiveCfg = Release|Any CPU
		{F4B0FEB5-CED4-4E0F-8836-1770F9DD9270}.Release|Any CPU.Build.0 = Release|Any CPU
		{85CA4BE0-A42F-4E58-9C4B-5E89507CBE15}.Debug|Any CPU.ActiveCfg = Debug|Any CPU
		{85CA4BE0-A42F-4E58-9C4B-5E89507CBE15}.Debug|Any CPU.Build.0 = Debug|Any CPU
		{85CA4BE0-A42F-4E58-9C4B-5E89507CBE15}.Release|Any CPU.ActiveCfg = Release|Any CPU
		{85CA4BE0-A42F-4E58-9C4B-5E89507CBE15}.Release|Any CPU.Build.0 = Release|Any CPU
		{869BBFDF-D7F4-42DF-ACD9-430695E00FD5}.Debug|Any CPU.ActiveCfg = Debug|Any CPU
		{869BBFDF-D7F4-42DF-ACD9-430695E00FD5}.Debug|Any CPU.Build.0 = Debug|Any CPU
		{869BBFDF-D7F4-42DF-ACD9-430695E00FD5}.Release|Any CPU.ActiveCfg = Release|Any CPU
		{869BBFDF-D7F4-42DF-ACD9-430695E00FD5}.Release|Any CPU.Build.0 = Release|Any CPU
	EndGlobalSection
	GlobalSection(SolutionProperties) = preSolution
		HideSolutionNode = FALSE
	EndGlobalSection
EndGlobal
